
Microsoft Visual Studio Solution File, Format Version 12.00
# Visual Studio Version 17
VisualStudioVersion = 17.11.35327.3
MinimumVisualStudioVersion = 10.0.40219.1
Project("{8BC9CEB8-8B4A-11D0-8D11-00A0C91BC942}") = "game_pr(1)", "game_pr(1)\game_pr(1).vcxproj", "{77AE1C85-9874-410B-A175-FFBB763EDB97}"
EndProject
Global
	GlobalSection(SolutionConfigurationPlatforms) = preSolution
		Debug|x64 = Debug|x64
		Debug|x86 = Debug|x86
		Release|x64 = Release|x64
		Release|x86 = Release|x86
	EndGlobalSection
	GlobalSection(ProjectConfigurationPlatforms) = postSolution
		{77AE1C85-9874-410B-A175-FFBB763EDB97}.Debug|x64.ActiveCfg = Debug|x64
		{77AE1C85-9874-410B-A175-FFBB763EDB97}.Debug|x64.Build.0 = Debug|x64
		{77AE1C85-9874-410B-A175-FFBB763EDB97}.Debug|x86.ActiveCfg = Debug|Win32
		{77AE1C85-9874-410B-A175-FFBB763EDB97}.Debug|x86.Build.0 = Debug|Win32
		{77AE1C85-9874-410B-A175-FFBB763EDB97}.Release|x64.ActiveCfg = Release|x64
		{77AE1C85-9874-410B-A175-FFBB763EDB97}.Release|x64.Build.0 = Release|x64
		{77AE1C85-9874-410B-A175-FFBB763EDB97}.Release|x86.ActiveCfg = Release|Win32
		{77AE1C85-9874-410B-A175-FFBB763EDB97}.Release|x86.Build.0 = Release|Win32
	EndGlobalSection
	GlobalSection(SolutionProperties) = preSolution
		HideSolutionNode = FALSE
	EndGlobalSection
	GlobalSection(ExtensibilityGlobals) = postSolution
		SolutionGuid = {F4033A17-630D-440B-B1F3-50F269A892BC}
	EndGlobalSection
EndGlobal
